
Microsoft Visual Studio Solution File, Format Version 12.00
# Visual Studio Version 17
VisualStudioVersion = 17.8.34511.84
MinimumVisualStudioVersion = 10.0.40219.1
Project("{9A19103F-16F7-4668-BE54-9A1E7A4F7556}") = "TravelApp.WPF", "TravelApp.WPF\TravelApp.WPF.csproj", "{37B8BFF8-2DA6-4AEE-8F66-6E3695D40CAE}"
EndProject
Project("{9A19103F-16F7-4668-BE54-9A1E7A4F7556}") = "TravelApp.Domain", "TravelApp.Domain\TravelApp.Domain.csproj", "{1CD1B24C-E43C-450D-95EF-116B572AF22E}"
EndProject
Project("{9A19103F-16F7-4668-BE54-9A1E7A4F7556}") = "TravelApp.Storage", "TravelApp.Storage\TravelApp.Storage.csproj", "{C57D3157-FB6C-49A8-BA29-9D2D91DC1447}"
EndProject
Project("{2150E333-8FDC-42A3-9474-1A3956D46DE8}") = "Solution Items", "Solution Items", "{57B259B3-575F-47FF-ABCF-81981EC11D90}"
	ProjectSection(SolutionItems) = preProject
		TZ.txt = TZ.txt
	EndProjectSection
EndProject
Global
	GlobalSection(SolutionConfigurationPlatforms) = preSolution
		Debug|Any CPU = Debug|Any CPU
		Release|Any CPU = Release|Any CPU
	EndGlobalSection
	GlobalSection(ProjectConfigurationPlatforms) = postSolution
		{37B8BFF8-2DA6-4AEE-8F66-6E3695D40CAE}.Debug|Any CPU.ActiveCfg = Debug|Any CPU
		{37B8BFF8-2DA6-4AEE-8F66-6E3695D40CAE}.Debug|Any CPU.Build.0 = Debug|Any CPU
		{37B8BFF8-2DA6-4AEE-8F66-6E3695D40CAE}.Release|Any CPU.ActiveCfg = Release|Any CPU
		{37B8BFF8-2DA6-4AEE-8F66-6E3695D40CAE}.Release|Any CPU.Build.0 = Release|Any CPU
		{1CD1B24C-E43C-450D-95EF-116B572AF22E}.Debug|Any CPU.ActiveCfg = Debug|Any CPU
		{1CD1B24C-E43C-450D-95EF-116B572AF22E}.Debug|Any CPU.Build.0 = Debug|Any CPU
		{1CD1B24C-E43C-450D-95EF-116B572AF22E}.Release|Any CPU.ActiveCfg = Release|Any CPU
		{1CD1B24C-E43C-450D-95EF-116B572AF22E}.Release|Any CPU.Build.0 = Release|Any CPU
		{C57D3157-FB6C-49A8-BA29-9D2D91DC1447}.Debug|Any CPU.ActiveCfg = Debug|Any CPU
		{C57D3157-FB6C-49A8-BA29-9D2D91DC1447}.Debug|Any CPU.Build.0 = Debug|Any CPU
		{C57D3157-FB6C-49A8-BA29-9D2D91DC1447}.Release|Any CPU.ActiveCfg = Release|Any CPU
		{C57D3157-FB6C-49A8-BA29-9D2D91DC1447}.Release|Any CPU.Build.0 = Release|Any CPU
	EndGlobalSection
	GlobalSection(SolutionProperties) = preSolution
		HideSolutionNode = FALSE
	EndGlobalSection
	GlobalSection(ExtensibilityGlobals) = postSolution
		SolutionGuid = {3CEB27A5-972A-4110-A371-2CE48C50D4D1}
	EndGlobalSection
EndGlobal
